hash: d91bc9392238c33d8ce7ed953349da2b36f96a80f28f99823dd8531e5fb35949
updated: 2018-04-11T23:25:35.067245272+02:00
imports:
- name: github.com/go-playground/ansi
  version: 777788a9be1a7296979a999c86b251fc777077a9
- name: github.com/go-playground/log
  version: effffa996b223e0eb700093c6ea8d75cdf0dc908
  subpackages:
  - handlers/console
testImports: []
